
Microsoft Visual Studio Solution File, Format Version 12.00
# Visual Studio Version 16
VisualStudioVersion = 16.0.30309.148
MinimumVisualStudioVersion = 10.0.40219.1
Project("{FAE04EC0-301F-11D3-BF4B-00C04F79EFBC}") = "RecursiveFunction", "RecursiveFunction\RecursiveFunction.csproj", "{2FBFCDF6-0EF3-48E5-ADFA-74A94E303BEC}"
EndProject
Global
	GlobalSection(SolutionConfigurationPlatforms) = preSolution
		Debug|Any CPU = Debug|Any CPU
		Release|Any CPU = Release|Any CPU
	EndGlobalSection
	GlobalSection(ProjectConfigurationPlatforms) = postSolution
		{2FBFCDF6-0EF3-48E5-ADFA-74A94E303BEC}.Debug|Any CPU.ActiveCfg = Debug|Any CPU
		{2FBFCDF6-0EF3-48E5-ADFA-74A94E303BEC}.Debug|Any CPU.Build.0 = Debug|Any CPU
		{2FBFCDF6-0EF3-48E5-ADFA-74A94E303BEC}.Release|Any CPU.ActiveCfg = Release|Any CPU
		{2FBFCDF6-0EF3-48E5-ADFA-74A94E303BEC}.Release|Any CPU.Build.0 = Release|Any CPU
	EndGlobalSection
	GlobalSection(SolutionProperties) = preSolution
		HideSolutionNode = FALSE
	EndGlobalSection
	GlobalSection(ExtensibilityGlobals) = postSolution
		SolutionGuid = {D4E67BF2-EC92-40AB-9053-83CA509EC2E3}
	EndGlobalSection
EndGlobal
