
Microsoft Visual Studio Solution File, Format Version 12.00
# Visual Studio Version 16
VisualStudioVersion = 16.0.30309.148
MinimumVisualStudioVersion = 10.0.40219.1
Project("{FAE04EC0-301F-11D3-BF4B-00C04F79EFBC}") = "ExtensionMethod", "ExtensionMethod\ExtensionMethod.csproj", "{5B70DD65-137D-43B4-A285-7F028B2F3CAE}"
EndProject
Global
	GlobalSection(SolutionConfigurationPlatforms) = preSolution
		Debug|Any CPU = Debug|Any CPU
		Release|Any CPU = Release|Any CPU
	EndGlobalSection
	GlobalSection(ProjectConfigurationPlatforms) = postSolution
		{5B70DD65-137D-43B4-A285-7F028B2F3CAE}.Debug|Any CPU.ActiveCfg = Debug|Any CPU
		{5B70DD65-137D-43B4-A285-7F028B2F3CAE}.Debug|Any CPU.Build.0 = Debug|Any CPU
		{5B70DD65-137D-43B4-A285-7F028B2F3CAE}.Release|Any CPU.ActiveCfg = Release|Any CPU
		{5B70DD65-137D-43B4-A285-7F028B2F3CAE}.Release|Any CPU.Build.0 = Release|Any CPU
	EndGlobalSection
	GlobalSection(SolutionProperties) = preSolution
		HideSolutionNode = FALSE
	EndGlobalSection
	GlobalSection(ExtensibilityGlobals) = postSolution
		SolutionGuid = {55647F59-A770-42EA-95F1-2A384D7460A5}
	EndGlobalSection
EndGlobal
