
Microsoft Visual Studio Solution File, Format Version 12.00
# Visual Studio Version 16
VisualStudioVersion = 16.0.30309.148
MinimumVisualStudioVersion = 10.0.40219.1
Project("{FAE04EC0-301F-11D3-BF4B-00C04F79EFBC}") = "RandomPractice", "RandomPractice\RandomPractice.csproj", "{437E83A5-1ADC-413A-9072-BD18AE599C33}"
EndProject
Global
	GlobalSection(SolutionConfigurationPlatforms) = preSolution
		Debug|Any CPU = Debug|Any CPU
		Release|Any CPU = Release|Any CPU
	EndGlobalSection
	GlobalSection(ProjectConfigurationPlatforms) = postSolution
		{437E83A5-1ADC-413A-9072-BD18AE599C33}.Debug|Any CPU.ActiveCfg = Debug|Any CPU
		{437E83A5-1ADC-413A-9072-BD18AE599C33}.Debug|Any CPU.Build.0 = Debug|Any CPU
		{437E83A5-1ADC-413A-9072-BD18AE599C33}.Release|Any CPU.ActiveCfg = Release|Any CPU
		{437E83A5-1ADC-413A-9072-BD18AE599C33}.Release|Any CPU.Build.0 = Release|Any CPU
	EndGlobalSection
	GlobalSection(SolutionProperties) = preSolution
		HideSolutionNode = FALSE
	EndGlobalSection
	GlobalSection(ExtensibilityGlobals) = postSolution
		SolutionGuid = {4A1BB612-F225-48E4-A92A-734D5DCB0C79}
	EndGlobalSection
EndGlobal
