
Microsoft Visual Studio Solution File, Format Version 12.00
# Visual Studio Version 16
VisualStudioVersion = 16.0.30309.148
MinimumVisualStudioVersion = 10.0.40219.1
Project("{FAE04EC0-301F-11D3-BF4B-00C04F79EFBC}") = "OutParameter", "OutParameter\OutParameter.csproj", "{A49611EA-0986-4296-8961-0840F932F91E}"
EndProject
Global
	GlobalSection(SolutionConfigurationPlatforms) = preSolution
		Debug|Any CPU = Debug|Any CPU
		Release|Any CPU = Release|Any CPU
	EndGlobalSection
	GlobalSection(ProjectConfigurationPlatforms) = postSolution
		{A49611EA-0986-4296-8961-0840F932F91E}.Debug|Any CPU.ActiveCfg = Debug|Any CPU
		{A49611EA-0986-4296-8961-0840F932F91E}.Debug|Any CPU.Build.0 = Debug|Any CPU
		{A49611EA-0986-4296-8961-0840F932F91E}.Release|Any CPU.ActiveCfg = Release|Any CPU
		{A49611EA-0986-4296-8961-0840F932F91E}.Release|Any CPU.Build.0 = Release|Any CPU
	EndGlobalSection
	GlobalSection(SolutionProperties) = preSolution
		HideSolutionNode = FALSE
	EndGlobalSection
	GlobalSection(ExtensibilityGlobals) = postSolution
		SolutionGuid = {9988CB5A-2350-4645-9D6D-03F1F36A9EE9}
	EndGlobalSection
EndGlobal
