
Microsoft Visual Studio Solution File, Format Version 12.00
# Visual Studio Version 16
VisualStudioVersion = 16.0.30309.148
MinimumVisualStudioVersion = 10.0.40219.1
Project("{FAE04EC0-301F-11D3-BF4B-00C04F79EFBC}") = "StartTaxi", "StartTaxi\StartTaxi.csproj", "{3ACE6F6B-CC82-4241-A4A7-4B2606BA2FEA}"
EndProject
Global
	GlobalSection(SolutionConfigurationPlatforms) = preSolution
		Debug|Any CPU = Debug|Any CPU
		Release|Any CPU = Release|Any CPU
	EndGlobalSection
	GlobalSection(ProjectConfigurationPlatforms) = postSolution
		{3ACE6F6B-CC82-4241-A4A7-4B2606BA2FEA}.Debug|Any CPU.ActiveCfg = Debug|Any CPU
		{3ACE6F6B-CC82-4241-A4A7-4B2606BA2FEA}.Debug|Any CPU.Build.0 = Debug|Any CPU
		{3ACE6F6B-CC82-4241-A4A7-4B2606BA2FEA}.Release|Any CPU.ActiveCfg = Release|Any CPU
		{3ACE6F6B-CC82-4241-A4A7-4B2606BA2FEA}.Release|Any CPU.Build.0 = Release|Any CPU
	EndGlobalSection
	GlobalSection(SolutionProperties) = preSolution
		HideSolutionNode = FALSE
	EndGlobalSection
	GlobalSection(ExtensibilityGlobals) = postSolution
		SolutionGuid = {24DCF5F6-F8E8-4E31-A5E6-A5E945C408F0}
	EndGlobalSection
EndGlobal
