
Microsoft Visual Studio Solution File, Format Version 12.00
# Visual Studio Version 16
VisualStudioVersion = 16.0.30225.117
MinimumVisualStudioVersion = 10.0.40219.1
Project("{FAE04EC0-301F-11D3-BF4B-00C04F79EFBC}") = "AssertPractice", "AssertPractice\AssertPractice.csproj", "{833E4932-F259-4E7F-A088-256C8AFC31EB}"
EndProject
Global
	GlobalSection(SolutionConfigurationPlatforms) = preSolution
		Debug|Any CPU = Debug|Any CPU
		Release|Any CPU = Release|Any CPU
	EndGlobalSection
	GlobalSection(ProjectConfigurationPlatforms) = postSolution
		{833E4932-F259-4E7F-A088-256C8AFC31EB}.Debug|Any CPU.ActiveCfg = Debug|Any CPU
		{833E4932-F259-4E7F-A088-256C8AFC31EB}.Debug|Any CPU.Build.0 = Debug|Any CPU
		{833E4932-F259-4E7F-A088-256C8AFC31EB}.Release|Any CPU.ActiveCfg = Release|Any CPU
		{833E4932-F259-4E7F-A088-256C8AFC31EB}.Release|Any CPU.Build.0 = Release|Any CPU
	EndGlobalSection
	GlobalSection(SolutionProperties) = preSolution
		HideSolutionNode = FALSE
	EndGlobalSection
	GlobalSection(ExtensibilityGlobals) = postSolution
		SolutionGuid = {5546AED3-2697-4ACB-B333-5BEFEEBF6360}
	EndGlobalSection
EndGlobal
