
Microsoft Visual Studio Solution File, Format Version 12.00
# Visual Studio Version 16
VisualStudioVersion = 16.0.30309.148
MinimumVisualStudioVersion = 10.0.40219.1
Project("{FAE04EC0-301F-11D3-BF4B-00C04F79EFBC}") = "StaticClass", "StaticClass\StaticClass.csproj", "{0DECB80C-525B-4586-84A8-D9DEFF34F66E}"
EndProject
Global
	GlobalSection(SolutionConfigurationPlatforms) = preSolution
		Debug|Any CPU = Debug|Any CPU
		Release|Any CPU = Release|Any CPU
	EndGlobalSection
	GlobalSection(ProjectConfigurationPlatforms) = postSolution
		{0DECB80C-525B-4586-84A8-D9DEFF34F66E}.Debug|Any CPU.ActiveCfg = Debug|Any CPU
		{0DECB80C-525B-4586-84A8-D9DEFF34F66E}.Debug|Any CPU.Build.0 = Debug|Any CPU
		{0DECB80C-525B-4586-84A8-D9DEFF34F66E}.Release|Any CPU.ActiveCfg = Release|Any CPU
		{0DECB80C-525B-4586-84A8-D9DEFF34F66E}.Release|Any CPU.Build.0 = Release|Any CPU
	EndGlobalSection
	GlobalSection(SolutionProperties) = preSolution
		HideSolutionNode = FALSE
	EndGlobalSection
	GlobalSection(ExtensibilityGlobals) = postSolution
		SolutionGuid = {6CCEB8DE-0721-4533-918A-BB40EB53C871}
	EndGlobalSection
EndGlobal
