
Microsoft Visual Studio Solution File, Format Version 12.00
# Visual Studio Version 16
VisualStudioVersion = 16.0.30309.148
MinimumVisualStudioVersion = 10.0.40219.1
Project("{FAE04EC0-301F-11D3-BF4B-00C04F79EFBC}") = "FileInputOuput", "FileInputOuput\FileInputOuput.csproj", "{CC608C9B-5A0D-464B-9F20-2C60EAAB6DD5}"
EndProject
Global
	GlobalSection(SolutionConfigurationPlatforms) = preSolution
		Debug|Any CPU = Debug|Any CPU
		Release|Any CPU = Release|Any CPU
	EndGlobalSection
	GlobalSection(ProjectConfigurationPlatforms) = postSolution
		{CC608C9B-5A0D-464B-9F20-2C60EAAB6DD5}.Debug|Any CPU.ActiveCfg = Debug|Any CPU
		{CC608C9B-5A0D-464B-9F20-2C60EAAB6DD5}.Debug|Any CPU.Build.0 = Debug|Any CPU
		{CC608C9B-5A0D-464B-9F20-2C60EAAB6DD5}.Release|Any CPU.ActiveCfg = Release|Any CPU
		{CC608C9B-5A0D-464B-9F20-2C60EAAB6DD5}.Release|Any CPU.Build.0 = Release|Any CPU
	EndGlobalSection
	GlobalSection(SolutionProperties) = preSolution
		HideSolutionNode = FALSE
	EndGlobalSection
	GlobalSection(ExtensibilityGlobals) = postSolution
		SolutionGuid = {C42A964F-6B94-411C-A0C3-21D174B6C50F}
	EndGlobalSection
EndGlobal
