
Microsoft Visual Studio Solution File, Format Version 12.00
# Visual Studio Version 16
VisualStudioVersion = 16.0.30225.117
MinimumVisualStudioVersion = 10.0.40219.1
Project("{9A19103F-16F7-4668-BE54-9A1E7A4F7556}") = "michinComputer", "michinComputer\michinComputer.csproj", "{B920CF4F-CE98-454F-A881-C0B364DE6534}"
EndProject
Global
	GlobalSection(SolutionConfigurationPlatforms) = preSolution
		Debug|Any CPU = Debug|Any CPU
		Release|Any CPU = Release|Any CPU
	EndGlobalSection
	GlobalSection(ProjectConfigurationPlatforms) = postSolution
		{B920CF4F-CE98-454F-A881-C0B364DE6534}.Debug|Any CPU.ActiveCfg = Debug|Any CPU
		{B920CF4F-CE98-454F-A881-C0B364DE6534}.Debug|Any CPU.Build.0 = Debug|Any CPU
		{B920CF4F-CE98-454F-A881-C0B364DE6534}.Release|Any CPU.ActiveCfg = Release|Any CPU
		{B920CF4F-CE98-454F-A881-C0B364DE6534}.Release|Any CPU.Build.0 = Release|Any CPU
	EndGlobalSection
	GlobalSection(SolutionProperties) = preSolution
		HideSolutionNode = FALSE
	EndGlobalSection
	GlobalSection(ExtensibilityGlobals) = postSolution
		SolutionGuid = {DB2791ED-8B3F-4889-96D8-B3C32337BFAF}
	EndGlobalSection
EndGlobal
