
Microsoft Visual Studio Solution File, Format Version 12.00
# Visual Studio Version 16
VisualStudioVersion = 16.0.30309.148
MinimumVisualStudioVersion = 10.0.40219.1
Project("{FAE04EC0-301F-11D3-BF4B-00C04F79EFBC}") = "StructPractice", "StructPractice\StructPractice.csproj", "{A472BD56-F980-4D3A-985E-6EEDEA7424E3}"
EndProject
Global
	GlobalSection(SolutionConfigurationPlatforms) = preSolution
		Debug|Any CPU = Debug|Any CPU
		Release|Any CPU = Release|Any CPU
	EndGlobalSection
	GlobalSection(ProjectConfigurationPlatforms) = postSolution
		{A472BD56-F980-4D3A-985E-6EEDEA7424E3}.Debug|Any CPU.ActiveCfg = Debug|Any CPU
		{A472BD56-F980-4D3A-985E-6EEDEA7424E3}.Debug|Any CPU.Build.0 = Debug|Any CPU
		{A472BD56-F980-4D3A-985E-6EEDEA7424E3}.Release|Any CPU.ActiveCfg = Release|Any CPU
		{A472BD56-F980-4D3A-985E-6EEDEA7424E3}.Release|Any CPU.Build.0 = Release|Any CPU
	EndGlobalSection
	GlobalSection(SolutionProperties) = preSolution
		HideSolutionNode = FALSE
	EndGlobalSection
	GlobalSection(ExtensibilityGlobals) = postSolution
		SolutionGuid = {C30BE081-EB6D-4A25-A9FD-939109EDAC40}
	EndGlobalSection
EndGlobal
